
Microsoft Visual Studio Solution File, Format Version 12.00
# Visual Studio Version 16
VisualStudioVersion = 16.0.29201.188
MinimumVisualStudioVersion = 10.0.40219.1
Project("{9A19103F-16F7-4668-BE54-9A1E7A4F7556}") = "IdentityExample", "IdentityExample.csproj", "{0DFF6C4B-31BB-4277-A316-089B509F4CDB}"
EndProject
Global
	GlobalSection(SolutionConfigurationPlatforms) = preSolution
		Debug|Any CPU = Debug|Any CPU
		Release|Any CPU = Release|Any CPU
	EndGlobalSection
	GlobalSection(ProjectConfigurationPlatforms) = postSolution
		{0DFF6C4B-31BB-4277-A316-089B509F4CDB}.Debug|Any CPU.ActiveCfg = Debug|Any CPU
		{0DFF6C4B-31BB-4277-A316-089B509F4CDB}.Debug|Any CPU.Build.0 = Debug|Any CPU
		{0DFF6C4B-31BB-4277-A316-089B509F4CDB}.Release|Any CPU.ActiveCfg = Release|Any CPU
		{0DFF6C4B-31BB-4277-A316-089B509F4CDB}.Release|Any CPU.Build.0 = Release|Any CPU
	EndGlobalSection
	GlobalSection(SolutionProperties) = preSolution
		HideSolutionNode = FALSE
	EndGlobalSection
	GlobalSection(ExtensibilityGlobals) = postSolution
		SolutionGuid = {A44275B5-5B8A-4575-8F94-B97730D2A9C9}
	EndGlobalSection
EndGlobal
